{
  "name": "chero",
  "version": "1.0.0",
  "lockfileVersion": 1,
  "requires": true,
  "dependencies": {
    "normalize-scss": {
      "version": "7.0.1",
      "resolved": "https://registry.npmjs.org/normalize-scss/-/normalize-scss-7.0.1.tgz",
      "integrity": "sha512-qj16bWnYs+9/ac29IgGjySg4R5qQTp1lXfm7ApFOZNVBYFY8RZ3f8+XQNDDLHeDtI3Ba7Jj4+LuPgz9v/fne2A=="
    },
    "susy": {
      "version": "3.0.5",
      "resolved": "https://registry.npmjs.org/susy/-/susy-3.0.5.tgz",
      "integrity": "sha512-Adc67mYO0n7eKn0lnyVOMN9lqA3JrHE/NAMfOQQnm2g8yvcZpmcrNfiHjfQXVodXdZE1PyluPnUjPhezaKGztA=="
    }
  }
}
